
Microsoft Visual Studio Solution File, Format Version 12.00
# Visual Studio Version 17
VisualStudioVersion = 17.2.32526.322
MinimumVisualStudioVersion = 10.0.40219.1
Project("{FAE04EC0-301F-11D3-BF4B-00C04F79EFBC}") = "Kusys.Entity", "Kusys.Entity\Kusys.Entity.csproj", "{938D55BE-E040-4E27-B31C-BD249A6C05EB}"
EndProject
Project("{FAE04EC0-301F-11D3-BF4B-00C04F79EFBC}") = "Kusys.Data", "Kusys.Data\Kusys.Data.csproj", "{5C87B552-8C88-4234-8A80-586239D6AB92}"
EndProject
Project("{FAE04EC0-301F-11D3-BF4B-00C04F79EFBC}") = "Kusys.Business", "Kusys.Business\Kusys.Business.csproj", "{F649EB18-D89B-4478-BD33-817B990ECA0F}"
EndProject
Project("{FAE04EC0-301F-11D3-BF4B-00C04F79EFBC}") = "Kusys.WebUI", "Kusys.WebUI\Kusys.WebUI.csproj", "{6B57FD8B-F96A-45F8-99C2-745B28104412}"
EndProject
Global
	GlobalSection(SolutionConfigurationPlatforms) = preSolution
		Debug|Any CPU = Debug|Any CPU
		Release|Any CPU = Release|Any CPU
	EndGlobalSection
	GlobalSection(ProjectConfigurationPlatforms) = postSolution
		{938D55BE-E040-4E27-B31C-BD249A6C05EB}.Debug|Any CPU.ActiveCfg = Debug|Any CPU
		{938D55BE-E040-4E27-B31C-BD249A6C05EB}.Debug|Any CPU.Build.0 = Debug|Any CPU
		{938D55BE-E040-4E27-B31C-BD249A6C05EB}.Release|Any CPU.ActiveCfg = Release|Any CPU
		{938D55BE-E040-4E27-B31C-BD249A6C05EB}.Release|Any CPU.Build.0 = Release|Any CPU
		{5C87B552-8C88-4234-8A80-586239D6AB92}.Debug|Any CPU.ActiveCfg = Debug|Any CPU
		{5C87B552-8C88-4234-8A80-586239D6AB92}.Debug|Any CPU.Build.0 = Debug|Any CPU
		{5C87B552-8C88-4234-8A80-586239D6AB92}.Release|Any CPU.ActiveCfg = Release|Any CPU
		{5C87B552-8C88-4234-8A80-586239D6AB92}.Release|Any CPU.Build.0 = Release|Any CPU
		{F649EB18-D89B-4478-BD33-817B990ECA0F}.Debug|Any CPU.ActiveCfg = Debug|Any CPU
		{F649EB18-D89B-4478-BD33-817B990ECA0F}.Debug|Any CPU.Build.0 = Debug|Any CPU
		{F649EB18-D89B-4478-BD33-817B990ECA0F}.Release|Any CPU.ActiveCfg = Release|Any CPU
		{F649EB18-D89B-4478-BD33-817B990ECA0F}.Release|Any CPU.Build.0 = Release|Any CPU
		{6B57FD8B-F96A-45F8-99C2-745B28104412}.Debug|Any CPU.ActiveCfg = Debug|Any CPU
		{6B57FD8B-F96A-45F8-99C2-745B28104412}.Debug|Any CPU.Build.0 = Debug|Any CPU
		{6B57FD8B-F96A-45F8-99C2-745B28104412}.Release|Any CPU.ActiveCfg = Release|Any CPU
		{6B57FD8B-F96A-45F8-99C2-745B28104412}.Release|Any CPU.Build.0 = Release|Any CPU
	EndGlobalSection
	GlobalSection(SolutionProperties) = preSolution
		HideSolutionNode = FALSE
	EndGlobalSection
	GlobalSection(ExtensibilityGlobals) = postSolution
		SolutionGuid = {FB5B5F6E-0E93-4BF6-8ECE-FF933B9ACB19}
	EndGlobalSection
EndGlobal
