
Microsoft Visual Studio Solution File, Format Version 12.00
# Visual Studio Version 16
VisualStudioVersion = 16.0.32228.343
MinimumVisualStudioVersion = 10.0.40219.1
Project("{9A19103F-16F7-4668-BE54-9A1E7A4F7556}") = "WebApi.Entity", "WebApi.Entity\WebApi.Entity.csproj", "{995D6B24-48D7-4A12-A0F4-66D914B92EFA}"
EndProject
Project("{9A19103F-16F7-4668-BE54-9A1E7A4F7556}") = "WebApi.Data", "WebApi.Data\WebApi.Data.csproj", "{BFD8D31E-EC09-440B-B55B-4D5F9F5B8D59}"
EndProject
Project("{9A19103F-16F7-4668-BE54-9A1E7A4F7556}") = "WebApi.Business", "WebApi.Business\WebApi.Business.csproj", "{7BC7795F-2685-465B-8EDD-7A7338396918}"
EndProject
Project("{9A19103F-16F7-4668-BE54-9A1E7A4F7556}") = "WebApiProject.Api", "WebApiProject.Api\WebApiProject.Api.csproj", "{EBB3D2DC-9CB6-44C7-80DD-1F397E4A7D07}"
EndProject
Project("{FAE04EC0-301F-11D3-BF4B-00C04F79EFBC}") = "WebApi.UI", "WebApi.UI\WebApi.UI.csproj", "{9007E4D4-C46D-483C-AFC5-C99E23416C61}"
EndProject
Global
	GlobalSection(SolutionConfigurationPlatforms) = preSolution
		Debug|Any CPU = Debug|Any CPU
		Release|Any CPU = Release|Any CPU
	EndGlobalSection
	GlobalSection(ProjectConfigurationPlatforms) = postSolution
		{995D6B24-48D7-4A12-A0F4-66D914B92EFA}.Debug|Any CPU.ActiveCfg = Debug|Any CPU
		{995D6B24-48D7-4A12-A0F4-66D914B92EFA}.Debug|Any CPU.Build.0 = Debug|Any CPU
		{995D6B24-48D7-4A12-A0F4-66D914B92EFA}.Release|Any CPU.ActiveCfg = Release|Any CPU
		{995D6B24-48D7-4A12-A0F4-66D914B92EFA}.Release|Any CPU.Build.0 = Release|Any CPU
		{BFD8D31E-EC09-440B-B55B-4D5F9F5B8D59}.Debug|Any CPU.ActiveCfg = Debug|Any CPU
		{BFD8D31E-EC09-440B-B55B-4D5F9F5B8D59}.Debug|Any CPU.Build.0 = Debug|Any CPU
		{BFD8D31E-EC09-440B-B55B-4D5F9F5B8D59}.Release|Any CPU.ActiveCfg = Release|Any CPU
		{BFD8D31E-EC09-440B-B55B-4D5F9F5B8D59}.Release|Any CPU.Build.0 = Release|Any CPU
		{7BC7795F-2685-465B-8EDD-7A7338396918}.Debug|Any CPU.ActiveCfg = Debug|Any CPU
		{7BC7795F-2685-465B-8EDD-7A7338396918}.Debug|Any CPU.Build.0 = Debug|Any CPU
		{7BC7795F-2685-465B-8EDD-7A7338396918}.Release|Any CPU.ActiveCfg = Release|Any CPU
		{7BC7795F-2685-465B-8EDD-7A7338396918}.Release|Any CPU.Build.0 = Release|Any CPU
		{EBB3D2DC-9CB6-44C7-80DD-1F397E4A7D07}.Debug|Any CPU.ActiveCfg = Debug|Any CPU
		{EBB3D2DC-9CB6-44C7-80DD-1F397E4A7D07}.Debug|Any CPU.Build.0 = Debug|Any CPU
		{EBB3D2DC-9CB6-44C7-80DD-1F397E4A7D07}.Release|Any CPU.ActiveCfg = Release|Any CPU
		{EBB3D2DC-9CB6-44C7-80DD-1F397E4A7D07}.Release|Any CPU.Build.0 = Release|Any CPU
		{9007E4D4-C46D-483C-AFC5-C99E23416C61}.Debug|Any CPU.ActiveCfg = Debug|Any CPU
		{9007E4D4-C46D-483C-AFC5-C99E23416C61}.Debug|Any CPU.Build.0 = Debug|Any CPU
		{9007E4D4-C46D-483C-AFC5-C99E23416C61}.Release|Any CPU.ActiveCfg = Release|Any CPU
		{9007E4D4-C46D-483C-AFC5-C99E23416C61}.Release|Any CPU.Build.0 = Release|Any CPU
	EndGlobalSection
	GlobalSection(SolutionProperties) = preSolution
		HideSolutionNode = FALSE
	EndGlobalSection
	GlobalSection(ExtensibilityGlobals) = postSolution
		SolutionGuid = {01DFB853-A086-4815-84DE-E5F379E471D7}
	EndGlobalSection
EndGlobal
