
Microsoft Visual Studio Solution File, Format Version 12.00
# Visual Studio Version 16
VisualStudioVersion = 16.0.32228.343
MinimumVisualStudioVersion = 10.0.40219.1
Project("{9A19103F-16F7-4668-BE54-9A1E7A4F7556}") = "BusApp.Business", "BusApp.Business\BusApp.Business.csproj", "{D3B7ACA3-2F0D-402E-80C9-8196A7B50E32}"
EndProject
Project("{9A19103F-16F7-4668-BE54-9A1E7A4F7556}") = "BusApp.Data", "BusApp.Data\BusApp.Data.csproj", "{DA578135-079E-455E-8D03-03208B0E6D9F}"
EndProject
Project("{9A19103F-16F7-4668-BE54-9A1E7A4F7556}") = "BusApp.Entity", "BusApp.Entity\BusApp.Entity.csproj", "{9D3F429B-C20B-4178-8823-D198995EBB63}"
EndProject
Project("{FAE04EC0-301F-11D3-BF4B-00C04F79EFBC}") = "BusApp.WebUI", "BusApp.WebUI\BusApp.WebUI.csproj", "{02A6DAD2-36D1-43A1-AF70-C9C0D2CF9742}"
EndProject
Global
	GlobalSection(SolutionConfigurationPlatforms) = preSolution
		Debug|Any CPU = Debug|Any CPU
		Release|Any CPU = Release|Any CPU
	EndGlobalSection
	GlobalSection(ProjectConfigurationPlatforms) = postSolution
		{D3B7ACA3-2F0D-402E-80C9-8196A7B50E32}.Debug|Any CPU.ActiveCfg = Debug|Any CPU
		{D3B7ACA3-2F0D-402E-80C9-8196A7B50E32}.Debug|Any CPU.Build.0 = Debug|Any CPU
		{D3B7ACA3-2F0D-402E-80C9-8196A7B50E32}.Release|Any CPU.ActiveCfg = Release|Any CPU
		{D3B7ACA3-2F0D-402E-80C9-8196A7B50E32}.Release|Any CPU.Build.0 = Release|Any CPU
		{DA578135-079E-455E-8D03-03208B0E6D9F}.Debug|Any CPU.ActiveCfg = Debug|Any CPU
		{DA578135-079E-455E-8D03-03208B0E6D9F}.Debug|Any CPU.Build.0 = Debug|Any CPU
		{DA578135-079E-455E-8D03-03208B0E6D9F}.Release|Any CPU.ActiveCfg = Release|Any CPU
		{DA578135-079E-455E-8D03-03208B0E6D9F}.Release|Any CPU.Build.0 = Release|Any CPU
		{9D3F429B-C20B-4178-8823-D198995EBB63}.Debug|Any CPU.ActiveCfg = Debug|Any CPU
		{9D3F429B-C20B-4178-8823-D198995EBB63}.Debug|Any CPU.Build.0 = Debug|Any CPU
		{9D3F429B-C20B-4178-8823-D198995EBB63}.Release|Any CPU.ActiveCfg = Release|Any CPU
		{9D3F429B-C20B-4178-8823-D198995EBB63}.Release|Any CPU.Build.0 = Release|Any CPU
		{02A6DAD2-36D1-43A1-AF70-C9C0D2CF9742}.Debug|Any CPU.ActiveCfg = Debug|Any CPU
		{02A6DAD2-36D1-43A1-AF70-C9C0D2CF9742}.Debug|Any CPU.Build.0 = Debug|Any CPU
		{02A6DAD2-36D1-43A1-AF70-C9C0D2CF9742}.Release|Any CPU.ActiveCfg = Release|Any CPU
		{02A6DAD2-36D1-43A1-AF70-C9C0D2CF9742}.Release|Any CPU.Build.0 = Release|Any CPU
	EndGlobalSection
	GlobalSection(SolutionProperties) = preSolution
		HideSolutionNode = FALSE
	EndGlobalSection
	GlobalSection(ExtensibilityGlobals) = postSolution
		SolutionGuid = {74CEA946-5EED-452F-9A1F-E8C382C766BB}
	EndGlobalSection
EndGlobal
