
Microsoft Visual Studio Solution File, Format Version 12.00
# Visual Studio Version 16
VisualStudioVersion = 16.0.32228.343
MinimumVisualStudioVersion = 10.0.40219.1
Project("{FAE04EC0-301F-11D3-BF4B-00C04F79EFBC}") = "Ders_Secim_App", "Ders_Secim_App\Ders_Secim_App.csproj", "{2216C2C6-72D5-436B-9319-BB5CC3D5E619}"
EndProject
Global
	GlobalSection(SolutionConfigurationPlatforms) = preSolution
		Debug|Any CPU = Debug|Any CPU
		Release|Any CPU = Release|Any CPU
	EndGlobalSection
	GlobalSection(ProjectConfigurationPlatforms) = postSolution
		{2216C2C6-72D5-436B-9319-BB5CC3D5E619}.Debug|Any CPU.ActiveCfg = Debug|Any CPU
		{2216C2C6-72D5-436B-9319-BB5CC3D5E619}.Debug|Any CPU.Build.0 = Debug|Any CPU
		{2216C2C6-72D5-436B-9319-BB5CC3D5E619}.Release|Any CPU.ActiveCfg = Release|Any CPU
		{2216C2C6-72D5-436B-9319-BB5CC3D5E619}.Release|Any CPU.Build.0 = Release|Any CPU
	EndGlobalSection
	GlobalSection(SolutionProperties) = preSolution
		HideSolutionNode = FALSE
	EndGlobalSection
	GlobalSection(ExtensibilityGlobals) = postSolution
		SolutionGuid = {AC299006-4F26-4140-BE66-6E8677C7E486}
	EndGlobalSection
EndGlobal
